{
  "version": 4,
  "terraform_version": "1.6.4",
  "serial": 208,
  "lineage": "85adeeb8-17d8-8f71-1d48-6726849b2611",
  "outputs": {},
  "resources": [
    {
      "mode": "managed",
      "type": "aws_iam_policy",
      "name": "adminUser",
      "provider": "provider[\"registry.terraform.io/hashicorp/aws\"]",
      "instances": [
        {
          "schema_version": 0,
          "attributes": {
            "arn": "arn:aws:iam::713757939816:policy/AdminUser",
            "description": "",
            "id": "arn:aws:iam::713757939816:policy/AdminUser",
            "name": "AdminUser",
            "name_prefix": "",
            "path": "/",
            "policy": "{\"Statement\":[{\"Action\":\"*\",\"Effect\":\"Allow\",\"Resource\":\"*\"}],\"Version\":\"2012-10-17\"}",
            "policy_id": "ANPA2ML2J3BUL2PPFC77G",
            "tags": {},
            "tags_all": {}
          },
          "sensitive_attributes": [],
          "private": "bnVsbA=="
        }
      ]
    },
    {
      "mode": "managed",
      "type": "aws_iam_user",
      "name": "admin-user",
      "provider": "provider[\"registry.terraform.io/hashicorp/aws\"]",
      "instances": [
        {
          "schema_version": 0,
          "attributes": {
            "arn": "arn:aws:iam::713757939816:user/abdil",
            "force_destroy": false,
            "id": "abdil",
            "name": "abdil",
            "path": "/",
            "permissions_boundary": "",
            "tags": {
              "Description": "Technical Team Leader"
            },
            "tags_all": {
              "Description": "Technical Team Leader"
            },
            "unique_id": "AIDA2ML2J3BUH74XDRMKJ"
          },
          "sensitive_attributes": [],
          "private": "bnVsbA=="
        }
      ]
    },
    {
      "mode": "managed",
      "type": "aws_iam_user_policy_attachment",
      "name": "abdil-admin-access",
      "provider": "provider[\"registry.terraform.io/hashicorp/aws\"]",
      "instances": [
        {
          "schema_version": 0,
          "attributes": {
            "id": "abdil-20231203161500847500000001",
            "policy_arn": "arn:aws:iam::713757939816:policy/AdminUser",
            "user": "abdil"
          },
          "sensitive_attributes": [],
          "private": "bnVsbA==",
          "dependencies": [
            "aws_iam_policy.adminUser",
            "aws_iam_user.admin-user"
          ]
        }
      ]
    },
    {
      "mode": "managed",
      "type": "aws_instance",
      "name": "control",
      "provider": "provider[\"registry.terraform.io/hashicorp/aws\"]",
      "instances": [
        {
          "status": "tainted",
          "schema_version": 1,
          "attributes": {
            "ami": "ami-008b6354fbeed6440",
            "arn": "arn:aws:ec2:us-east-1:713757939816:instance/i-07d3a230812c488a5",
            "associate_public_ip_address": true,
            "availability_zone": "us-east-1a",
            "capacity_reservation_specification": [
              {
                "capacity_reservation_preference": "open",
                "capacity_reservation_target": []
              }
            ],
            "cpu_core_count": 2,
            "cpu_options": [
              {
                "amd_sev_snp": "",
                "core_count": 2,
                "threads_per_core": 1
              }
            ],
            "cpu_threads_per_core": 1,
            "credit_specification": [
              {
                "cpu_credits": "standard"
              }
            ],
            "disable_api_stop": false,
            "disable_api_termination": false,
            "ebs_block_device": [],
            "ebs_optimized": false,
            "enclave_options": [
              {
                "enabled": false
              }
            ],
            "ephemeral_block_device": [],
            "get_password_data": false,
            "hibernation": false,
            "host_id": "",
            "host_resource_group_arn": null,
            "iam_instance_profile": "",
            "id": "i-07d3a230812c488a5",
            "instance_initiated_shutdown_behavior": "stop",
            "instance_lifecycle": "",
            "instance_market_options": [],
            "instance_state": "running",
            "instance_type": "t2.medium",
            "ipv6_address_count": 0,
            "ipv6_addresses": [],
            "key_name": "control_node",
            "launch_template": [],
            "maintenance_options": [
              {
                "auto_recovery": "default"
              }
            ],
            "metadata_options": [
              {
                "http_endpoint": "enabled",
                "http_protocol_ipv6": "disabled",
                "http_put_response_hop_limit": 1,
                "http_tokens": "optional",
                "instance_metadata_tags": "disabled"
              }
            ],
            "monitoring": false,
            "network_interface": [],
            "outpost_arn": "",
            "password_data": "",
            "placement_group": "",
            "placement_partition_number": 0,
            "primary_network_interface_id": "eni-09eee57f421353aef",
            "private_dns": "ip-172-31-93-91.ec2.internal",
            "private_dns_name_options": [
              {
                "enable_resource_name_dns_a_record": false,
                "enable_resource_name_dns_aaaa_record": false,
                "hostname_type": "ip-name"
              }
            ],
            "private_ip": "172.31.93.91",
            "public_dns": "ec2-3-83-240-7.compute-1.amazonaws.com",
            "public_ip": "3.83.240.7",
            "root_block_device": [
              {
                "delete_on_termination": true,
                "device_name": "/dev/sda1",
                "encrypted": false,
                "iops": 0,
                "kms_key_id": "",
                "tags": {},
                "throughput": 0,
                "volume_id": "vol-08d234dc8a6556ca7",
                "volume_size": 10,
                "volume_type": "standard"
              }
            ],
            "secondary_private_ips": [],
            "security_groups": [
              "ssh-access"
            ],
            "source_dest_check": true,
            "spot_instance_request_id": "",
            "subnet_id": "subnet-04e71508f10ab9c7b",
            "tags": {
              "Description": "Ansible Control Node",
              "Name": "control"
            },
            "tags_all": {
              "Description": "Ansible Control Node",
              "Name": "control"
            },
            "tenancy": "default",
            "timeouts": null,
            "user_data": null,
            "user_data_base64": null,
            "user_data_replace_on_change": false,
            "volume_tags": null,
            "vpc_security_group_ids": [
              "sg-09cf4f9ac4abf53a2"
            ]
          },
          "sensitive_attributes": [],
          "private": "eyJlMmJmYjczMC1lY2FhLTExZTYtOGY4OC0zNDM2M2JjN2M0YzAiOnsiY3JlYXRlIjo2MDAwMDAwMDAwMDAsImRlbGV0ZSI6MTIwMDAwMDAwMDAwMCwidXBkYXRlIjo2MDAwMDAwMDAwMDB9LCJzY2hlbWFfdmVyc2lvbiI6IjEifQ==",
          "dependencies": [
            "aws_security_group.ssh-access"
          ]
        }
      ]
    },
    {
      "mode": "managed",
      "type": "aws_key_pair",
      "name": "control",
      "provider": "provider[\"registry.terraform.io/hashicorp/aws\"]",
      "instances": [
        {
          "schema_version": 1,
          "attributes": {
            "arn": "arn:aws:ec2:us-east-1:713757939816:key-pair/control_node",
            "fingerprint": "26:f8:3e:5c:0b:0c:13:e3:af:45:24:0e:99:b9:75:8d",
            "id": "control_node",
            "key_name": "control_node",
            "key_name_prefix": "",
            "key_pair_id": "key-00265f60b9d587a9a",
            "key_type": "rsa",
            "public_key": "ssh-rsa AAAAB3NzaC1yc2EAAAADAQABAAABgQCH7MerSH8mZO2OA3DqfRbec+CtbDOQz+PchgMCUvSdyPMKK074t+L8zKywRaLn+5uSJ5CtgEcX6glLjJRIw2Ia7uJPoDJZkU/K+7iru6IG33dXCtRceqmdYeF2zxG10r3stTFYF9RUlFqKYWSEDfUgQuigFsCffFp6uLcn/UL8AyPeLkPCxGPrY/Oe/45c1V0r/dUjk5KO8kLdU655UP5Ia1x3OQkTeCGlzLsSbVei3hV7tqfcN6zC+vUTxZPNBoylUZKhoTfL1z7PoEQ6C0fh1AseGeUdKNP1XmNKI/dsLvE6XaQNGQKHZI9/qV2bNdIXkLmwV8UQTXtCEUCoucaHYyUTFspKpkMyWt0aR5i5pPVeKr3/KnYeJqivTRN0Ld02nMtsBS9/ijvrVat+bPSWIMXvqjyktWKlwHfGQzGGSzKDJ2R3eotUhpvJhiIX3dxMdoliNcOwB65/7fpOmtZKRYsFu1q9/jLhSzJLxQwXPuTOG1YepekE9Lsw8xjmLXk= abdil@control",
            "tags": {},
            "tags_all": {}
          },
          "sensitive_attributes": [],
          "private": "eyJzY2hlbWFfdmVyc2lvbiI6IjEifQ=="
        }
      ]
    },
    {
      "mode": "managed",
      "type": "aws_security_group",
      "name": "ssh-access",
      "provider": "provider[\"registry.terraform.io/hashicorp/aws\"]",
      "instances": [
        {
          "schema_version": 1,
          "attributes": {
            "arn": "arn:aws:ec2:us-east-1:713757939816:security-group/sg-09cf4f9ac4abf53a2",
            "description": "Allow SSH access from the internet",
            "egress": [],
            "id": "sg-09cf4f9ac4abf53a2",
            "ingress": [
              {
                "cidr_blocks": [
                  "0.0.0.0/0"
                ],
                "description": "",
                "from_port": 22,
                "ipv6_cidr_blocks": [],
                "prefix_list_ids": [],
                "protocol": "tcp",
                "security_groups": [],
                "self": false,
                "to_port": 22
              }
            ],
            "name": "ssh-access",
            "name_prefix": "",
            "owner_id": "713757939816",
            "revoke_rules_on_delete": false,
            "tags": {},
            "tags_all": {},
            "timeouts": null,
            "vpc_id": "vpc-015b894ac800d252d"
          },
          "sensitive_attributes": [],
          "private": "eyJlMmJmYjczMC1lY2FhLTExZTYtOGY4OC0zNDM2M2JjN2M0YzAiOnsiY3JlYXRlIjo2MDAwMDAwMDAwMDAsImRlbGV0ZSI6OTAwMDAwMDAwMDAwfSwic2NoZW1hX3ZlcnNpb24iOiIxIn0="
        }
      ]
    }
  ],
  "check_results": null
}
