{
  "version": 4,
  "terraform_version": "1.6.4",
  "serial": 19,
  "lineage": "85adeeb8-17d8-8f71-1d48-6726849b2611",
  "outputs": {},
  "resources": [
    {
      "mode": "managed",
      "type": "aws_iam_policy",
      "name": "adminUser",
      "provider": "provider[\"registry.terraform.io/hashicorp/aws\"]",
      "instances": [
        {
          "schema_version": 0,
          "attributes": {
            "arn": "arn:aws:iam::016930361352:policy/AdminUser",
            "description": "",
            "id": "arn:aws:iam::016930361352:policy/AdminUser",
            "name": "AdminUser",
            "name_prefix": "",
            "path": "/",
            "policy": "{\"Statement\":[{\"Action\":\"*\",\"Effect\":\"Allow\",\"Resource\":\"*\"}],\"Version\":\"2012-10-17\"}",
            "policy_id": "ANPAQH4JA2AEK6IBKNJ6W",
            "tags": null,
            "tags_all": {}
          },
          "sensitive_attributes": [],
          "private": "bnVsbA=="
        }
      ]
    },
    {
      "mode": "managed",
      "type": "aws_iam_user",
      "name": "admin-user",
      "provider": "provider[\"registry.terraform.io/hashicorp/aws\"]",
      "instances": [
        {
          "schema_version": 0,
          "attributes": {
            "arn": "arn:aws:iam::016930361352:user/abdil",
            "force_destroy": false,
            "id": "abdil",
            "name": "abdil",
            "path": "/",
            "permissions_boundary": "",
            "tags": {
              "Description": "Technical Team Leader"
            },
            "tags_all": {
              "Description": "Technical Team Leader"
            },
            "unique_id": "AIDAQH4JA2AEPRF735LYJ"
          },
          "sensitive_attributes": [],
          "private": "bnVsbA=="
        }
      ]
    },
    {
      "mode": "managed",
      "type": "aws_iam_user_policy_attachment",
      "name": "abdil-admin-access",
      "provider": "provider[\"registry.terraform.io/hashicorp/aws\"]",
      "instances": [
        {
          "schema_version": 0,
          "attributes": {
            "id": "abdil-20231201175451911300000001",
            "policy_arn": "arn:aws:iam::016930361352:policy/AdminUser",
            "user": "abdil"
          },
          "sensitive_attributes": [],
          "private": "bnVsbA==",
          "dependencies": [
            "aws_iam_policy.adminUser",
            "aws_iam_user.admin-user"
          ]
        }
      ]
    }
  ],
  "check_results": null
}
